
Microsoft Visual Studio Solution File, Format Version 12.00
# Visual Studio 14
VisualStudioVersion = 14.0.23107.0
MinimumVisualStudioVersion = 10.0.40219.1
Project("{FAE04EC0-301F-11D3-BF4B-00C04F79EFBC}") = "E_Nummer_27012017", "E_Nummer_27012017\E_Nummer_27012017.csproj", "{29D8769D-050B-4F74-A001-42698F0EBCF1}"
EndProject
Global
	GlobalSection(SolutionConfigurationPlatforms) = preSolution
		Debug|Any CPU = Debug|Any CPU
		Release|Any CPU = Release|Any CPU
	EndGlobalSection
	GlobalSection(ProjectConfigurationPlatforms) = postSolution
		{29D8769D-050B-4F74-A001-42698F0EBCF1}.Debug|Any CPU.ActiveCfg = Debug|Any CPU
		{29D8769D-050B-4F74-A001-42698F0EBCF1}.Debug|Any CPU.Build.0 = Debug|Any CPU
		{29D8769D-050B-4F74-A001-42698F0EBCF1}.Release|Any CPU.ActiveCfg = Release|Any CPU
		{29D8769D-050B-4F74-A001-42698F0EBCF1}.Release|Any CPU.Build.0 = Release|Any CPU
	EndGlobalSection
	GlobalSection(SolutionProperties) = preSolution
		HideSolutionNode = FALSE
	EndGlobalSection
EndGlobal
