
Microsoft Visual Studio Solution File, Format Version 12.00
# Visual Studio Version 17
VisualStudioVersion = 17.14.37314.3 d17.14
MinimumVisualStudioVersion = 10.0.40219.1
Project("{FAE04EC0-301F-11D3-BF4B-00C04F79EFBC}") = "Einzelne_Klasse", "Einzelne_Klasse\Einzelne_Klasse.csproj", "{106C3B8F-A5AC-4A95-80CD-706E1DD5320C}"
EndProject
Global
	GlobalSection(SolutionConfigurationPlatforms) = preSolution
		Debug|Any CPU = Debug|Any CPU
		Release|Any CPU = Release|Any CPU
	EndGlobalSection
	GlobalSection(ProjectConfigurationPlatforms) = postSolution
		{106C3B8F-A5AC-4A95-80CD-706E1DD5320C}.Debug|Any CPU.ActiveCfg = Debug|Any CPU
		{106C3B8F-A5AC-4A95-80CD-706E1DD5320C}.Debug|Any CPU.Build.0 = Debug|Any CPU
		{106C3B8F-A5AC-4A95-80CD-706E1DD5320C}.Release|Any CPU.ActiveCfg = Release|Any CPU
		{106C3B8F-A5AC-4A95-80CD-706E1DD5320C}.Release|Any CPU.Build.0 = Release|Any CPU
	EndGlobalSection
	GlobalSection(SolutionProperties) = preSolution
		HideSolutionNode = FALSE
	EndGlobalSection
	GlobalSection(ExtensibilityGlobals) = postSolution
		SolutionGuid = {A4692DBB-2206-41EB-9505-89C7C38F16D9}
	EndGlobalSection
EndGlobal
