
Microsoft Visual Studio Solution File, Format Version 12.00
# Visual Studio Version 17
VisualStudioVersion = 17.14.37314.3 d17.14
MinimumVisualStudioVersion = 10.0.40219.1
Project("{FAE04EC0-301F-11D3-BF4B-00C04F79EFBC}") = "Verletzen_ISP", "Verletzen_ISP\Verletzen_ISP.csproj", "{5E4C5CDE-29E2-44D4-8046-499C0FB55D17}"
EndProject
Global
	GlobalSection(SolutionConfigurationPlatforms) = preSolution
		Debug|Any CPU = Debug|Any CPU
		Release|Any CPU = Release|Any CPU
	EndGlobalSection
	GlobalSection(ProjectConfigurationPlatforms) = postSolution
		{5E4C5CDE-29E2-44D4-8046-499C0FB55D17}.Debug|Any CPU.ActiveCfg = Debug|Any CPU
		{5E4C5CDE-29E2-44D4-8046-499C0FB55D17}.Debug|Any CPU.Build.0 = Debug|Any CPU
		{5E4C5CDE-29E2-44D4-8046-499C0FB55D17}.Release|Any CPU.ActiveCfg = Release|Any CPU
		{5E4C5CDE-29E2-44D4-8046-499C0FB55D17}.Release|Any CPU.Build.0 = Release|Any CPU
	EndGlobalSection
	GlobalSection(SolutionProperties) = preSolution
		HideSolutionNode = FALSE
	EndGlobalSection
	GlobalSection(ExtensibilityGlobals) = postSolution
		SolutionGuid = {108EEFB2-EE28-4FA2-B042-64127E1D35C4}
	EndGlobalSection
EndGlobal
